
Microsoft Visual Studio Solution File, Format Version 12.00
# Visual Studio 15
VisualStudioVersion = 15.0.27130.0
MinimumVisualStudioVersion = 10.0.40219.1
Project("{9A19103F-16F7-4668-BE54-9A1E7A4F7556}") = "SocketTest", "SocketTest.csproj", "{C4EE3340-19C6-4BE9-BE1C-9BB7936A4541}"
EndProject
Global
	GlobalSection(SolutionConfigurationPlatforms) = preSolution
		Debug|Any CPU = Debug|Any CPU
		Release|Any CPU = Release|Any CPU
	EndGlobalSection
	GlobalSection(ProjectConfigurationPlatforms) = postSolution
		{C4EE3340-19C6-4BE9-BE1C-9BB7936A4541}.Debug|Any CPU.ActiveCfg = Debug|Any CPU
		{C4EE3340-19C6-4BE9-BE1C-9BB7936A4541}.Debug|Any CPU.Build.0 = Debug|Any CPU
		{C4EE3340-19C6-4BE9-BE1C-9BB7936A4541}.Release|Any CPU.ActiveCfg = Release|Any CPU
		{C4EE3340-19C6-4BE9-BE1C-9BB7936A4541}.Release|Any CPU.Build.0 = Release|Any CPU
	EndGlobalSection
	GlobalSection(SolutionProperties) = preSolution
		HideSolutionNode = FALSE
	EndGlobalSection
	GlobalSection(ExtensibilityGlobals) = postSolution
		SolutionGuid = {28177F87-5810-4C11-AA04-7455558C7C53}
	EndGlobalSection
EndGlobal
